
Microsoft Visual Studio Solution File, Format Version 12.00
# Visual Studio 15
VisualStudioVersion = 15.0.28010.2026
MinimumVisualStudioVersion = 10.0.40219.1
Project("{FAE04EC0-301F-11D3-BF4B-00C04F79EFBC}") = "DotNetFrameworkLib", "DotNetFrameworkLib\DotNetFrameworkLib.csproj", "{CF3A1421-0A60-4083-95CD-E1A97C7F95D5}"
EndProject
Global
	GlobalSection(SolutionConfigurationPlatforms) = preSolution
		Debug|Any CPU = Debug|Any CPU
		Release|Any CPU = Release|Any CPU
	EndGlobalSection
	GlobalSection(ProjectConfigurationPlatforms) = postSolution
		{CF3A1421-0A60-4083-95CD-E1A97C7F95D5}.Debug|Any CPU.ActiveCfg = Debug|Any CPU
		{CF3A1421-0A60-4083-95CD-E1A97C7F95D5}.Debug|Any CPU.Build.0 = Debug|Any CPU
		{CF3A1421-0A60-4083-95CD-E1A97C7F95D5}.Release|Any CPU.ActiveCfg = Release|Any CPU
		{CF3A1421-0A60-4083-95CD-E1A97C7F95D5}.Release|Any CPU.Build.0 = Release|Any CPU
	EndGlobalSection
	GlobalSection(SolutionProperties) = preSolution
		HideSolutionNode = FALSE
	EndGlobalSection
	GlobalSection(ExtensibilityGlobals) = postSolution
		SolutionGuid = {3A5E3785-B138-4645-A1B7-7A8440FD5F9C}
	EndGlobalSection
EndGlobal
